
Microsoft Visual Studio Solution File, Format Version 12.00
# Visual Studio Version 17
VisualStudioVersion = 17.9.34622.214
MinimumVisualStudioVersion = 10.0.40219.1
Project("{FAE04EC0-301F-11D3-BF4B-00C04F79EFBC}") = "FilesAPI", "FilesAPI\FilesAPI.csproj", "{5C7FB6F6-307F-4F06-BB86-33495AE759DB}"
EndProject
Global
	GlobalSection(SolutionConfigurationPlatforms) = preSolution
		Debug|Any CPU = Debug|Any CPU
		Release|Any CPU = Release|Any CPU
	EndGlobalSection
	GlobalSection(ProjectConfigurationPlatforms) = postSolution
		{5C7FB6F6-307F-4F06-BB86-33495AE759DB}.Debug|Any CPU.ActiveCfg = Debug|Any CPU
		{5C7FB6F6-307F-4F06-BB86-33495AE759DB}.Debug|Any CPU.Build.0 = Debug|Any CPU
		{5C7FB6F6-307F-4F06-BB86-33495AE759DB}.Release|Any CPU.ActiveCfg = Release|Any CPU
		{5C7FB6F6-307F-4F06-BB86-33495AE759DB}.Release|Any CPU.Build.0 = Release|Any CPU
	EndGlobalSection
	GlobalSection(SolutionProperties) = preSolution
		HideSolutionNode = FALSE
	EndGlobalSection
	GlobalSection(ExtensibilityGlobals) = postSolution
		SolutionGuid = {1170EFF8-57B3-4E79-9756-C3F8B133ACB9}
	EndGlobalSection
EndGlobal
